Microsoft Visual Studio Solution File, Format Version 12.00
# Visual Studio Version 17
VisualStudioVersion = 17.5.2.0
MinimumVisualStudioVersion = 10.0.40219.1
Project("{FAE04EC0-301F-11D3-BF4B-00C04F79EFBC}") = "DockerExam_IdentityApp", "DockerExam_IdentityApp.csproj", "{3DD44B1A-0C93-E21B-F7C2-64926989FD6F}"
EndProject
Global
	GlobalSection(SolutionConfigurationPlatforms) = preSolution
		Debug|Any CPU = Debug|Any CPU
		Release|Any CPU = Release|Any CPU
	EndGlobalSection
	GlobalSection(ProjectConfigurationPlatforms) = postSolution
		{3DD44B1A-0C93-E21B-F7C2-64926989FD6F}.Debug|Any CPU.ActiveCfg = Debug|Any CPU
		{3DD44B1A-0C93-E21B-F7C2-64926989FD6F}.Debug|Any CPU.Build.0 = Debug|Any CPU
		{3DD44B1A-0C93-E21B-F7C2-64926989FD6F}.Release|Any CPU.ActiveCfg = Release|Any CPU
		{3DD44B1A-0C93-E21B-F7C2-64926989FD6F}.Release|Any CPU.Build.0 = Release|Any CPU
	EndGlobalSection
	GlobalSection(SolutionProperties) = preSolution
		HideSolutionNode = FALSE
	EndGlobalSection
	GlobalSection(ExtensibilityGlobals) = postSolution
		SolutionGuid = {174C820D-A053-4BC0-9D6E-E3FEE7A18637}
	EndGlobalSection
EndGlobal
